
Microsoft Visual Studio Solution File, Format Version 12.00
# Visual Studio Version 16
VisualStudioVersion = 16.0.29806.167
MinimumVisualStudioVersion = 10.0.40219.1
Project("{2150E333-8FDC-42A3-9474-1A3956D46DE8}") = "Solution Items", "Solution Items", "{DC1F496B-4D5A-4A34-BABD-E3395D150B6F}"
	ProjectSection(SolutionItems) = preProject
		README.md = README.md
	EndProjectSection
EndProject
Project("{2150E333-8FDC-42A3-9474-1A3956D46DE8}") = "src", "src", "{8C5A4950-DFFB-4173-9E46-98019E900C02}"
EndProject
Project("{2150E333-8FDC-42A3-9474-1A3956D46DE8}") = "tests", "tests", "{D64F28AD-0C14-488D-A22D-9D0177CE6B47}"
EndProject
Project("{9A19103F-16F7-4668-BE54-9A1E7A4F7556}") = "API", "src\API\API.csproj", "{7C9CF0FD-8F3B-4564-9CE1-E34D8950C815}"
EndProject
Project("{9A19103F-16F7-4668-BE54-9A1E7A4F7556}") = "Core", "src\Core\Core.csproj", "{A194338B-ED69-4346-9CCD-292770A5519E}"
EndProject
Project("{9A19103F-16F7-4668-BE54-9A1E7A4F7556}") = "Infrastructure", "src\Infrastructure\Infrastructure.csproj", "{22340C7C-84FD-414F-83F6-D83F8F1BB909}"
EndProject
Project("{9A19103F-16F7-4668-BE54-9A1E7A4F7556}") = "Core.Tests", "tests\Core.Tests\Core.Tests.csproj", "{89C5A429-8FCC-4250-BB4D-76989AD85AC8}"
EndProject
Project("{9A19103F-16F7-4668-BE54-9A1E7A4F7556}") = "API.Tests", "tests\API.Tests\API.Tests.csproj", "{240AC0F8-DE94-4158-8954-E80FFB83CA04}"
EndProject
Project("{9A19103F-16F7-4668-BE54-9A1E7A4F7556}") = "Common", "src\Common\Common.csproj", "{FF0CC7AC-0A93-4F10-B953-32F7D717DC39}"
EndProject
Global
	GlobalSection(SolutionConfigurationPlatforms) = preSolution
		Debug|Any CPU = Debug|Any CPU
		Release|Any CPU = Release|Any CPU
	EndGlobalSection
	GlobalSection(ProjectConfigurationPlatforms) = postSolution
		{7C9CF0FD-8F3B-4564-9CE1-E34D8950C815}.Debug|Any CPU.ActiveCfg = Debug|Any CPU
		{7C9CF0FD-8F3B-4564-9CE1-E34D8950C815}.Debug|Any CPU.Build.0 = Debug|Any CPU
		{7C9CF0FD-8F3B-4564-9CE1-E34D8950C815}.Release|Any CPU.ActiveCfg = Release|Any CPU
		{7C9CF0FD-8F3B-4564-9CE1-E34D8950C815}.Release|Any CPU.Build.0 = Release|Any CPU
		{A194338B-ED69-4346-9CCD-292770A5519E}.Debug|Any CPU.ActiveCfg = Debug|Any CPU
		{A194338B-ED69-4346-9CCD-292770A5519E}.Debug|Any CPU.Build.0 = Debug|Any CPU
		{A194338B-ED69-4346-9CCD-292770A5519E}.Release|Any CPU.ActiveCfg = Release|Any CPU
		{A194338B-ED69-4346-9CCD-292770A5519E}.Release|Any CPU.Build.0 = Release|Any CPU
		{22340C7C-84FD-414F-83F6-D83F8F1BB909}.Debug|Any CPU.ActiveCfg = Debug|Any CPU
		{22340C7C-84FD-414F-83F6-D83F8F1BB909}.Debug|Any CPU.Build.0 = Debug|Any CPU
		{22340C7C-84FD-414F-83F6-D83F8F1BB909}.Release|Any CPU.ActiveCfg = Release|Any CPU
		{22340C7C-84FD-414F-83F6-D83F8F1BB909}.Release|Any CPU.Build.0 = Release|Any CPU
		{89C5A429-8FCC-4250-BB4D-76989AD85AC8}.Debug|Any CPU.ActiveCfg = Debug|Any CPU
		{89C5A429-8FCC-4250-BB4D-76989AD85AC8}.Debug|Any CPU.Build.0 = Debug|Any CPU
		{89C5A429-8FCC-4250-BB4D-76989AD85AC8}.Release|Any CPU.ActiveCfg = Release|Any CPU
		{89C5A429-8FCC-4250-BB4D-76989AD85AC8}.Release|Any CPU.Build.0 = Release|Any CPU
		{240AC0F8-DE94-4158-8954-E80FFB83CA04}.Debug|Any CPU.ActiveCfg = Debug|Any CPU
		{240AC0F8-DE94-4158-8954-E80FFB83CA04}.Debug|Any CPU.Build.0 = Debug|Any CPU
		{240AC0F8-DE94-4158-8954-E80FFB83CA04}.Release|Any CPU.ActiveCfg = Release|Any CPU
		{240AC0F8-DE94-4158-8954-E80FFB83CA04}.Release|Any CPU.Build.0 = Release|Any CPU
		{FF0CC7AC-0A93-4F10-B953-32F7D717DC39}.Debug|Any CPU.ActiveCfg = Debug|Any CPU
		{FF0CC7AC-0A93-4F10-B953-32F7D717DC39}.Debug|Any CPU.Build.0 = Debug|Any CPU
		{FF0CC7AC-0A93-4F10-B953-32F7D717DC39}.Release|Any CPU.ActiveCfg = Release|Any CPU
		{FF0CC7AC-0A93-4F10-B953-32F7D717DC39}.Release|Any CPU.Build.0 = Release|Any CPU
	EndGlobalSection
	GlobalSection(SolutionProperties) = preSolution
		HideSolutionNode = FALSE
	EndGlobalSection
	GlobalSection(NestedProjects) = preSolution
		{7C9CF0FD-8F3B-4564-9CE1-E34D8950C815} = {8C5A4950-DFFB-4173-9E46-98019E900C02}
		{A194338B-ED69-4346-9CCD-292770A5519E} = {8C5A4950-DFFB-4173-9E46-98019E900C02}
		{22340C7C-84FD-414F-83F6-D83F8F1BB909} = {8C5A4950-DFFB-4173-9E46-98019E900C02}
		{89C5A429-8FCC-4250-BB4D-76989AD85AC8} = {D64F28AD-0C14-488D-A22D-9D0177CE6B47}
		{240AC0F8-DE94-4158-8954-E80FFB83CA04} = {D64F28AD-0C14-488D-A22D-9D0177CE6B47}
		{FF0CC7AC-0A93-4F10-B953-32F7D717DC39} = {8C5A4950-DFFB-4173-9E46-98019E900C02}
	EndGlobalSection
	GlobalSection(ExtensibilityGlobals) = postSolution
		SolutionGuid = {B1A8C99D-26C0-44BB-B572-1F798FADEB3D}
	EndGlobalSection
EndGlobal
